
Microsoft Visual Studio Solution File, Format Version 12.00
# Visual Studio 15
Project("{FAE04EC0-301F-11D3-BF4B-00C04F79EFBC}") = "TTWebGL", "TTWebGL.csproj", "{3D6E717A-C235-28A2-3709-3B4DD4D4FA8E}"
EndProject
Project("{FAE04EC0-301F-11D3-BF4B-00C04F79EFBC}") = "Assembly-CSharp", "Assembly-CSharp.csproj", "{B7AF7EE2-AAA8-4F82-D6A7-4B0B708F3EB5}"
EndProject
Project("{FAE04EC0-301F-11D3-BF4B-00C04F79EFBC}") = "TTLitJson", "TTLitJson.csproj", "{7ADDCD3C-37B8-6608-5277-64BBC3C1B566}"
EndProject
Project("{FAE04EC0-301F-11D3-BF4B-00C04F79EFBC}") = "com.bytedance.ttsdk-editor", "com.bytedance.ttsdk-editor.csproj", "{DA575AF2-AC61-FC07-EE2C-47C00AC2C64B}"
EndProject
Global
	GlobalSection(SolutionConfigurationPlatforms) = preSolution
		Debug|Any CPU = Debug|Any CPU
		Release|Any CPU = Release|Any CPU
	EndGlobalSection
	GlobalSection(ProjectConfigurationPlatforms) = postSolution
		{3D6E717A-C235-28A2-3709-3B4DD4D4FA8E}.Debug|Any CPU.ActiveCfg = Debug|Any CPU
		{3D6E717A-C235-28A2-3709-3B4DD4D4FA8E}.Debug|Any CPU.Build.0 = Debug|Any CPU
		{3D6E717A-C235-28A2-3709-3B4DD4D4FA8E}.Release|Any CPU.ActiveCfg = Release|Any CPU
		{3D6E717A-C235-28A2-3709-3B4DD4D4FA8E}.Release|Any CPU.Build.0 = Release|Any CPU
		{B7AF7EE2-AAA8-4F82-D6A7-4B0B708F3EB5}.Debug|Any CPU.ActiveCfg = Debug|Any CPU
		{B7AF7EE2-AAA8-4F82-D6A7-4B0B708F3EB5}.Debug|Any CPU.Build.0 = Debug|Any CPU
		{B7AF7EE2-AAA8-4F82-D6A7-4B0B708F3EB5}.Release|Any CPU.ActiveCfg = Release|Any CPU
		{B7AF7EE2-AAA8-4F82-D6A7-4B0B708F3EB5}.Release|Any CPU.Build.0 = Release|Any CPU
		{7ADDCD3C-37B8-6608-5277-64BBC3C1B566}.Debug|Any CPU.ActiveCfg = Debug|Any CPU
		{7ADDCD3C-37B8-6608-5277-64BBC3C1B566}.Debug|Any CPU.Build.0 = Debug|Any CPU
		{7ADDCD3C-37B8-6608-5277-64BBC3C1B566}.Release|Any CPU.ActiveCfg = Release|Any CPU
		{7ADDCD3C-37B8-6608-5277-64BBC3C1B566}.Release|Any CPU.Build.0 = Release|Any CPU
		{DA575AF2-AC61-FC07-EE2C-47C00AC2C64B}.Debug|Any CPU.ActiveCfg = Debug|Any CPU
		{DA575AF2-AC61-FC07-EE2C-47C00AC2C64B}.Debug|Any CPU.Build.0 = Debug|Any CPU
		{DA575AF2-AC61-FC07-EE2C-47C00AC2C64B}.Release|Any CPU.ActiveCfg = Release|Any CPU
		{DA575AF2-AC61-FC07-EE2C-47C00AC2C64B}.Release|Any CPU.Build.0 = Release|Any CPU
	EndGlobalSection
	GlobalSection(SolutionProperties) = preSolution
		HideSolutionNode = FALSE
	EndGlobalSection
EndGlobal
